
Microsoft Visual Studio Solution File, Format Version 12.00
# Visual Studio Version 16
VisualStudioVersion = 16.0.31702.278
MinimumVisualStudioVersion = 10.0.40219.1
Project("{8BC9CEB8-8B4A-11D0-8D11-00A0C91BC942}") = "Prototype-Tetris", "Prototype-Tetris\Prototype-Tetris.vcxproj", "{037EF98E-E1DD-450A-9413-2FCF23874C2F}"
EndProject
Global
	GlobalSection(SolutionConfigurationPlatforms) = preSolution
		Debug|x64 = Debug|x64
		Debug|x86 = Debug|x86
		Release|x64 = Release|x64
		Release|x86 = Release|x86
	EndGlobalSection
	GlobalSection(ProjectConfigurationPlatforms) = postSolution
		{037EF98E-E1DD-450A-9413-2FCF23874C2F}.Debug|x64.ActiveCfg = Debug|x64
		{037EF98E-E1DD-450A-9413-2FCF23874C2F}.Debug|x64.Build.0 = Debug|x64
		{037EF98E-E1DD-450A-9413-2FCF23874C2F}.Debug|x86.ActiveCfg = Debug|Win32
		{037EF98E-E1DD-450A-9413-2FCF23874C2F}.Debug|x86.Build.0 = Debug|Win32
		{037EF98E-E1DD-450A-9413-2FCF23874C2F}.Release|x64.ActiveCfg = Release|x64
		{037EF98E-E1DD-450A-9413-2FCF23874C2F}.Release|x64.Build.0 = Release|x64
		{037EF98E-E1DD-450A-9413-2FCF23874C2F}.Release|x86.ActiveCfg = Release|Win32
		{037EF98E-E1DD-450A-9413-2FCF23874C2F}.Release|x86.Build.0 = Release|Win32
	EndGlobalSection
	GlobalSection(SolutionProperties) = preSolution
		HideSolutionNode = FALSE
	EndGlobalSection
	GlobalSection(ExtensibilityGlobals) = postSolution
		SolutionGuid = {0320284B-9A96-4A03-A096-0A3D0356CFF8}
	EndGlobalSection
EndGlobal
